
Microsoft Visual Studio Solution File, Format Version 12.00
# Visual Studio Version 17
VisualStudioVersion = 17.5.33424.131
MinimumVisualStudioVersion = 10.0.40219.1
Project("{FAE04EC0-301F-11D3-BF4B-00C04F79EFBC}") = "opdracht-1", "C-opdrachten\opdracht-1.csproj", "{4521B397-4D2E-4472-919E-54D511ADC1EB}"
EndProject
Project("{FAE04EC0-301F-11D3-BF4B-00C04F79EFBC}") = "opdracht-2", "opdracht-2\opdracht-2.csproj", "{07A1F35E-CB8D-414F-A3AB-F41C00C779B0}"
EndProject
Project("{FAE04EC0-301F-11D3-BF4B-00C04F79EFBC}") = "opdracht-3", "opdracht-3\opdracht-3.csproj", "{587278DD-B8E8-4D6C-839B-44660195B8FA}"
EndProject
Project("{FAE04EC0-301F-11D3-BF4B-00C04F79EFBC}") = "opdracht-4", "opdracht-4\opdracht-4.csproj", "{381FAEA5-2FD8-4FA0-8EDA-8EBD09F9098F}"
EndProject
Project("{FAE04EC0-301F-11D3-BF4B-00C04F79EFBC}") = "opdracht-5", "opdracht-5\opdracht-5.csproj", "{949F4E4E-B8E6-4911-B1AF-54320AF5C739}"
EndProject
Project("{FAE04EC0-301F-11D3-BF4B-00C04F79EFBC}") = "opdracht-6", "opdracht-6\opdracht-6.csproj", "{A8BED7DD-7432-4D43-8B24-87C54770F2DF}"
EndProject
Project("{FAE04EC0-301F-11D3-BF4B-00C04F79EFBC}") = "opdracht-7", "opdracht-7\opdracht-7.csproj", "{E1F327D0-7CCC-42F0-BCE8-A8F623CE3AF2}"
EndProject
Project("{FAE04EC0-301F-11D3-BF4B-00C04F79EFBC}") = "opdracht-8", "opdracht-8\opdracht-8.csproj", "{D2851DE2-9E77-4BC8-B823-78BAED20CDF7}"
EndProject
Project("{FAE04EC0-301F-11D3-BF4B-00C04F79EFBC}") = "opdracht-9", "opdracht-9\opdracht-9.csproj", "{E876834D-ECCE-4C0F-9756-298D714DCFCA}"
EndProject
Project("{FAE04EC0-301F-11D3-BF4B-00C04F79EFBC}") = "opdracht-10", "opdracht-10\opdracht-10.csproj", "{FD4E97F5-0522-458D-9B2B-98DC5866B669}"
EndProject
Project("{FAE04EC0-301F-11D3-BF4B-00C04F79EFBC}") = "opdracht-11", "opdracht-11\opdracht-11.csproj", "{0790F1F9-C9FA-4D24-B251-48F4CE3B25E8}"
EndProject
Project("{FAE04EC0-301F-11D3-BF4B-00C04F79EFBC}") = "opdracht-12", "opdracht-12\opdracht-12.csproj", "{71C5E09F-1FB3-41C9-94DD-8861477A7A0B}"
EndProject
Project("{FAE04EC0-301F-11D3-BF4B-00C04F79EFBC}") = "opdracht-13", "opdracht-13\opdracht-13.csproj", "{D19679DA-5372-499D-A9AC-5E29226E5822}"
EndProject
Project("{FAE04EC0-301F-11D3-BF4B-00C04F79EFBC}") = "opdracht-14", "opdracht-14\opdracht-14.csproj", "{152159A6-F2ED-4042-91A1-1000857AA0F1}"
EndProject
Project("{FAE04EC0-301F-11D3-BF4B-00C04F79EFBC}") = "opdracht-15", "opdracht-15\opdracht-15.csproj", "{380B5022-28D3-4760-895F-47E1C8064A22}"
EndProject
Project("{FAE04EC0-301F-11D3-BF4B-00C04F79EFBC}") = "opdracht-16", "opdracht-16\opdracht-16.csproj", "{FD6B97F8-7290-42CA-B422-E3BCC74A7818}"
EndProject
Project("{FAE04EC0-301F-11D3-BF4B-00C04F79EFBC}") = "opdracht-17", "opdracht-17\opdracht-17.csproj", "{1FC1B483-4151-40BD-B51C-F0A23EE71A7F}"
EndProject
Project("{FAE04EC0-301F-11D3-BF4B-00C04F79EFBC}") = "opdracht-18", "opdracht-18\opdracht-18.csproj", "{0EAC2CF6-DBF5-4296-B0A1-0B2CDF76FC89}"
EndProject
Project("{FAE04EC0-301F-11D3-BF4B-00C04F79EFBC}") = "opdracht-19", "opdracht-19\opdracht-19.csproj", "{C1267222-0ECC-4094-BDD4-45ABD1B1A353}"
EndProject
Project("{FAE04EC0-301F-11D3-BF4B-00C04F79EFBC}") = "opdracht-20", "opdracht-20\opdracht-20.csproj", "{35DF2FB3-3B31-4434-A5DD-1BC933319FA9}"
EndProject
Project("{FAE04EC0-301F-11D3-BF4B-00C04F79EFBC}") = "opdracht-21", "opdracht-21\opdracht-21.csproj", "{2A6AEAF8-B3D0-4C69-AB34-624080A5DE28}"
EndProject
Project("{FAE04EC0-301F-11D3-BF4B-00C04F79EFBC}") = "opdracht-22", "opdracht-22\opdracht-22.csproj", "{A97739EE-31AE-4AB1-AAD0-45CD32F7125C}"
EndProject
Project("{FAE04EC0-301F-11D3-BF4B-00C04F79EFBC}") = "opdracht-23", "opdracht-23\opdracht-23.csproj", "{AA7398EF-8CF9-4FB2-9B4F-31EC8596AAA1}"
EndProject
Project("{FAE04EC0-301F-11D3-BF4B-00C04F79EFBC}") = "opdracht-24", "opdracht-24\opdracht-24.csproj", "{93EEF29B-5C41-4C0E-93D7-391287C4E5E1}"
EndProject
Project("{FAE04EC0-301F-11D3-BF4B-00C04F79EFBC}") = "opdracht-25", "opdracht-25\opdracht-25.csproj", "{5E9219FC-8289-46D5-A40E-AB21D66BAEE6}"
EndProject
Project("{FAE04EC0-301F-11D3-BF4B-00C04F79EFBC}") = "opdracht-26", "opdracht-26\opdracht-26.csproj", "{6A8314D4-F6FB-4D75-B4BE-9336AE0630A9}"
EndProject
Project("{FAE04EC0-301F-11D3-BF4B-00C04F79EFBC}") = "opdracht-27", "opdracht-27\opdracht-27.csproj", "{49018960-454E-465C-AB57-AE0DE2EB7C3F}"
EndProject
Project("{FAE04EC0-301F-11D3-BF4B-00C04F79EFBC}") = "opdracht-28", "opdracht-28\opdracht-28.csproj", "{DA94A4A9-E086-4677-BBC6-F9CEC88BF95F}"
EndProject
Project("{FAE04EC0-301F-11D3-BF4B-00C04F79EFBC}") = "opdracht-29", "opdracht-29\opdracht-29.csproj", "{92B5AF38-E885-47F7-919D-6EDD7AEF12DA}"
EndProject
Project("{FAE04EC0-301F-11D3-BF4B-00C04F79EFBC}") = "opdracht-30", "opdracht-30\opdracht-30.csproj", "{E5C4C465-2BCA-4E05-8AC1-FC18E18A070B}"
EndProject
Project("{FAE04EC0-301F-11D3-BF4B-00C04F79EFBC}") = "opdracht-31", "opdracht-31\opdracht-31.csproj", "{52373E73-34E5-4588-A104-35C864F2ECE1}"
EndProject
Project("{FAE04EC0-301F-11D3-BF4B-00C04F79EFBC}") = "opdracht-32", "opdracht-32\opdracht-32.csproj", "{DFE04CC0-9625-451E-9EDF-086DC37945BA}"
EndProject
Project("{FAE04EC0-301F-11D3-BF4B-00C04F79EFBC}") = "opdracht-33", "opdracht-33\opdracht-33.csproj", "{8FA26051-783E-4D61-B594-18185F3A76A7}"
EndProject
Project("{FAE04EC0-301F-11D3-BF4B-00C04F79EFBC}") = "opdracht-34", "opdracht-34\opdracht-34.csproj", "{6EADE7EB-AA6A-40AC-9DC1-8665B8F544C9}"
EndProject
Project("{FAE04EC0-301F-11D3-BF4B-00C04F79EFBC}") = "opdracht-35", "opdracht-35\opdracht-35.csproj", "{D361653B-1784-4998-B882-0AABF4535678}"
EndProject
Project("{FAE04EC0-301F-11D3-BF4B-00C04F79EFBC}") = "opdracht-36", "opdracht-36\opdracht-36.csproj", "{D2766D94-92A3-4AD0-8F23-EDA218E5BBD9}"
EndProject
Project("{FAE04EC0-301F-11D3-BF4B-00C04F79EFBC}") = "opdracht-37", "opdracht-37\opdracht-37.csproj", "{0AF91A9F-4AE7-4BA4-8F16-678E251D2A40}"
EndProject
Project("{FAE04EC0-301F-11D3-BF4B-00C04F79EFBC}") = "opdracht-38", "opdracht-38\opdracht-38.csproj", "{02CDEF92-3FB0-4C42-B149-97BA451134F7}"
EndProject
Project("{FAE04EC0-301F-11D3-BF4B-00C04F79EFBC}") = "opdracht-39", "opdracht-39\opdracht-39.csproj", "{8019C3BF-B879-43FA-9C6B-CE6E00B7F42D}"
EndProject
Project("{FAE04EC0-301F-11D3-BF4B-00C04F79EFBC}") = "opdracht-40", "opdracht-40\opdracht-40.csproj", "{A30D1F34-155C-4F64-B051-0028ED095C5B}"
EndProject
Global
	GlobalSection(SolutionConfigurationPlatforms) = preSolution
		Debug|Any CPU = Debug|Any CPU
		Release|Any CPU = Release|Any CPU
	EndGlobalSection
	GlobalSection(ProjectConfigurationPlatforms) = postSolution
		{4521B397-4D2E-4472-919E-54D511ADC1EB}.Debug|Any CPU.ActiveCfg = Debug|Any CPU
		{4521B397-4D2E-4472-919E-54D511ADC1EB}.Debug|Any CPU.Build.0 = Debug|Any CPU
		{4521B397-4D2E-4472-919E-54D511ADC1EB}.Release|Any CPU.ActiveCfg = Release|Any CPU
		{4521B397-4D2E-4472-919E-54D511ADC1EB}.Release|Any CPU.Build.0 = Release|Any CPU
		{07A1F35E-CB8D-414F-A3AB-F41C00C779B0}.Debug|Any CPU.ActiveCfg = Debug|Any CPU
		{07A1F35E-CB8D-414F-A3AB-F41C00C779B0}.Debug|Any CPU.Build.0 = Debug|Any CPU
		{07A1F35E-CB8D-414F-A3AB-F41C00C779B0}.Release|Any CPU.ActiveCfg = Release|Any CPU
		{07A1F35E-CB8D-414F-A3AB-F41C00C779B0}.Release|Any CPU.Build.0 = Release|Any CPU
		{587278DD-B8E8-4D6C-839B-44660195B8FA}.Debug|Any CPU.ActiveCfg = Debug|Any CPU
		{587278DD-B8E8-4D6C-839B-44660195B8FA}.Debug|Any CPU.Build.0 = Debug|Any CPU
		{587278DD-B8E8-4D6C-839B-44660195B8FA}.Release|Any CPU.ActiveCfg = Release|Any CPU
		{587278DD-B8E8-4D6C-839B-44660195B8FA}.Release|Any CPU.Build.0 = Release|Any CPU
		{381FAEA5-2FD8-4FA0-8EDA-8EBD09F9098F}.Debug|Any CPU.ActiveCfg = Debug|Any CPU
		{381FAEA5-2FD8-4FA0-8EDA-8EBD09F9098F}.Debug|Any CPU.Build.0 = Debug|Any CPU
		{381FAEA5-2FD8-4FA0-8EDA-8EBD09F9098F}.Release|Any CPU.ActiveCfg = Release|Any CPU
		{381FAEA5-2FD8-4FA0-8EDA-8EBD09F9098F}.Release|Any CPU.Build.0 = Release|Any CPU
		{949F4E4E-B8E6-4911-B1AF-54320AF5C739}.Debug|Any CPU.ActiveCfg = Debug|Any CPU
		{949F4E4E-B8E6-4911-B1AF-54320AF5C739}.Debug|Any CPU.Build.0 = Debug|Any CPU
		{949F4E4E-B8E6-4911-B1AF-54320AF5C739}.Release|Any CPU.ActiveCfg = Release|Any CPU
		{949F4E4E-B8E6-4911-B1AF-54320AF5C739}.Release|Any CPU.Build.0 = Release|Any CPU
		{A8BED7DD-7432-4D43-8B24-87C54770F2DF}.Debug|Any CPU.ActiveCfg = Debug|Any CPU
		{A8BED7DD-7432-4D43-8B24-87C54770F2DF}.Debug|Any CPU.Build.0 = Debug|Any CPU
		{A8BED7DD-7432-4D43-8B24-87C54770F2DF}.Release|Any CPU.ActiveCfg = Release|Any CPU
		{A8BED7DD-7432-4D43-8B24-87C54770F2DF}.Release|Any CPU.Build.0 = Release|Any CPU
		{E1F327D0-7CCC-42F0-BCE8-A8F623CE3AF2}.Debug|Any CPU.ActiveCfg = Debug|Any CPU
		{E1F327D0-7CCC-42F0-BCE8-A8F623CE3AF2}.Debug|Any CPU.Build.0 = Debug|Any CPU
		{E1F327D0-7CCC-42F0-BCE8-A8F623CE3AF2}.Release|Any CPU.ActiveCfg = Release|Any CPU
		{E1F327D0-7CCC-42F0-BCE8-A8F623CE3AF2}.Release|Any CPU.Build.0 = Release|Any CPU
		{D2851DE2-9E77-4BC8-B823-78BAED20CDF7}.Debug|Any CPU.ActiveCfg = Debug|Any CPU
		{D2851DE2-9E77-4BC8-B823-78BAED20CDF7}.Debug|Any CPU.Build.0 = Debug|Any CPU
		{D2851DE2-9E77-4BC8-B823-78BAED20CDF7}.Release|Any CPU.ActiveCfg = Release|Any CPU
		{D2851DE2-9E77-4BC8-B823-78BAED20CDF7}.Release|Any CPU.Build.0 = Release|Any CPU
		{E876834D-ECCE-4C0F-9756-298D714DCFCA}.Debug|Any CPU.ActiveCfg = Debug|Any CPU
		{E876834D-ECCE-4C0F-9756-298D714DCFCA}.Debug|Any CPU.Build.0 = Debug|Any CPU
		{E876834D-ECCE-4C0F-9756-298D714DCFCA}.Release|Any CPU.ActiveCfg = Release|Any CPU
		{E876834D-ECCE-4C0F-9756-298D714DCFCA}.Release|Any CPU.Build.0 = Release|Any CPU
		{FD4E97F5-0522-458D-9B2B-98DC5866B669}.Debug|Any CPU.ActiveCfg = Debug|Any CPU
		{FD4E97F5-0522-458D-9B2B-98DC5866B669}.Debug|Any CPU.Build.0 = Debug|Any CPU
		{FD4E97F5-0522-458D-9B2B-98DC5866B669}.Release|Any CPU.ActiveCfg = Release|Any CPU
		{FD4E97F5-0522-458D-9B2B-98DC5866B669}.Release|Any CPU.Build.0 = Release|Any CPU
		{0790F1F9-C9FA-4D24-B251-48F4CE3B25E8}.Debug|Any CPU.ActiveCfg = Debug|Any CPU
		{0790F1F9-C9FA-4D24-B251-48F4CE3B25E8}.Debug|Any CPU.Build.0 = Debug|Any CPU
		{0790F1F9-C9FA-4D24-B251-48F4CE3B25E8}.Release|Any CPU.ActiveCfg = Release|Any CPU
		{0790F1F9-C9FA-4D24-B251-48F4CE3B25E8}.Release|Any CPU.Build.0 = Release|Any CPU
		{71C5E09F-1FB3-41C9-94DD-8861477A7A0B}.Debug|Any CPU.ActiveCfg = Debug|Any CPU
		{71C5E09F-1FB3-41C9-94DD-8861477A7A0B}.Debug|Any CPU.Build.0 = Debug|Any CPU
		{71C5E09F-1FB3-41C9-94DD-8861477A7A0B}.Release|Any CPU.ActiveCfg = Release|Any CPU
		{71C5E09F-1FB3-41C9-94DD-8861477A7A0B}.Release|Any CPU.Build.0 = Release|Any CPU
		{D19679DA-5372-499D-A9AC-5E29226E5822}.Debug|Any CPU.ActiveCfg = Debug|Any CPU
		{D19679DA-5372-499D-A9AC-5E29226E5822}.Debug|Any CPU.Build.0 = Debug|Any CPU
		{D19679DA-5372-499D-A9AC-5E29226E5822}.Release|Any CPU.ActiveCfg = Release|Any CPU
		{D19679DA-5372-499D-A9AC-5E29226E5822}.Release|Any CPU.Build.0 = Release|Any CPU
		{152159A6-F2ED-4042-91A1-1000857AA0F1}.Debug|Any CPU.ActiveCfg = Debug|Any CPU
		{152159A6-F2ED-4042-91A1-1000857AA0F1}.Debug|Any CPU.Build.0 = Debug|Any CPU
		{152159A6-F2ED-4042-91A1-1000857AA0F1}.Release|Any CPU.ActiveCfg = Release|Any CPU
		{152159A6-F2ED-4042-91A1-1000857AA0F1}.Release|Any CPU.Build.0 = Release|Any CPU
		{380B5022-28D3-4760-895F-47E1C8064A22}.Debug|Any CPU.ActiveCfg = Debug|Any CPU
		{380B5022-28D3-4760-895F-47E1C8064A22}.Debug|Any CPU.Build.0 = Debug|Any CPU
		{380B5022-28D3-4760-895F-47E1C8064A22}.Release|Any CPU.ActiveCfg = Release|Any CPU
		{380B5022-28D3-4760-895F-47E1C8064A22}.Release|Any CPU.Build.0 = Release|Any CPU
		{FD6B97F8-7290-42CA-B422-E3BCC74A7818}.Debug|Any CPU.ActiveCfg = Debug|Any CPU
		{FD6B97F8-7290-42CA-B422-E3BCC74A7818}.Debug|Any CPU.Build.0 = Debug|Any CPU
		{FD6B97F8-7290-42CA-B422-E3BCC74A7818}.Release|Any CPU.ActiveCfg = Release|Any CPU
		{FD6B97F8-7290-42CA-B422-E3BCC74A7818}.Release|Any CPU.Build.0 = Release|Any CPU
		{1FC1B483-4151-40BD-B51C-F0A23EE71A7F}.Debug|Any CPU.ActiveCfg = Debug|Any CPU
		{1FC1B483-4151-40BD-B51C-F0A23EE71A7F}.Debug|Any CPU.Build.0 = Debug|Any CPU
		{1FC1B483-4151-40BD-B51C-F0A23EE71A7F}.Release|Any CPU.ActiveCfg = Release|Any CPU
		{1FC1B483-4151-40BD-B51C-F0A23EE71A7F}.Release|Any CPU.Build.0 = Release|Any CPU
		{0EAC2CF6-DBF5-4296-B0A1-0B2CDF76FC89}.Debug|Any CPU.ActiveCfg = Debug|Any CPU
		{0EAC2CF6-DBF5-4296-B0A1-0B2CDF76FC89}.Debug|Any CPU.Build.0 = Debug|Any CPU
		{0EAC2CF6-DBF5-4296-B0A1-0B2CDF76FC89}.Release|Any CPU.ActiveCfg = Release|Any CPU
		{0EAC2CF6-DBF5-4296-B0A1-0B2CDF76FC89}.Release|Any CPU.Build.0 = Release|Any CPU
		{C1267222-0ECC-4094-BDD4-45ABD1B1A353}.Debug|Any CPU.ActiveCfg = Debug|Any CPU
		{C1267222-0ECC-4094-BDD4-45ABD1B1A353}.Debug|Any CPU.Build.0 = Debug|Any CPU
		{C1267222-0ECC-4094-BDD4-45ABD1B1A353}.Release|Any CPU.ActiveCfg = Release|Any CPU
		{C1267222-0ECC-4094-BDD4-45ABD1B1A353}.Release|Any CPU.Build.0 = Release|Any CPU
		{35DF2FB3-3B31-4434-A5DD-1BC933319FA9}.Debug|Any CPU.ActiveCfg = Debug|Any CPU
		{35DF2FB3-3B31-4434-A5DD-1BC933319FA9}.Debug|Any CPU.Build.0 = Debug|Any CPU
		{35DF2FB3-3B31-4434-A5DD-1BC933319FA9}.Release|Any CPU.ActiveCfg = Release|Any CPU
		{35DF2FB3-3B31-4434-A5DD-1BC933319FA9}.Release|Any CPU.Build.0 = Release|Any CPU
		{2A6AEAF8-B3D0-4C69-AB34-624080A5DE28}.Debug|Any CPU.ActiveCfg = Debug|Any CPU
		{2A6AEAF8-B3D0-4C69-AB34-624080A5DE28}.Debug|Any CPU.Build.0 = Debug|Any CPU
		{2A6AEAF8-B3D0-4C69-AB34-624080A5DE28}.Release|Any CPU.ActiveCfg = Release|Any CPU
		{2A6AEAF8-B3D0-4C69-AB34-624080A5DE28}.Release|Any CPU.Build.0 = Release|Any CPU
		{A97739EE-31AE-4AB1-AAD0-45CD32F7125C}.Debug|Any CPU.ActiveCfg = Debug|Any CPU
		{A97739EE-31AE-4AB1-AAD0-45CD32F7125C}.Debug|Any CPU.Build.0 = Debug|Any CPU
		{A97739EE-31AE-4AB1-AAD0-45CD32F7125C}.Release|Any CPU.ActiveCfg = Release|Any CPU
		{A97739EE-31AE-4AB1-AAD0-45CD32F7125C}.Release|Any CPU.Build.0 = Release|Any CPU
		{AA7398EF-8CF9-4FB2-9B4F-31EC8596AAA1}.Debug|Any CPU.ActiveCfg = Debug|Any CPU
		{AA7398EF-8CF9-4FB2-9B4F-31EC8596AAA1}.Debug|Any CPU.Build.0 = Debug|Any CPU
		{AA7398EF-8CF9-4FB2-9B4F-31EC8596AAA1}.Release|Any CPU.ActiveCfg = Release|Any CPU
		{AA7398EF-8CF9-4FB2-9B4F-31EC8596AAA1}.Release|Any CPU.Build.0 = Release|Any CPU
		{93EEF29B-5C41-4C0E-93D7-391287C4E5E1}.Debug|Any CPU.ActiveCfg = Debug|Any CPU
		{93EEF29B-5C41-4C0E-93D7-391287C4E5E1}.Debug|Any CPU.Build.0 = Debug|Any CPU
		{93EEF29B-5C41-4C0E-93D7-391287C4E5E1}.Release|Any CPU.ActiveCfg = Release|Any CPU
		{93EEF29B-5C41-4C0E-93D7-391287C4E5E1}.Release|Any CPU.Build.0 = Release|Any CPU
		{5E9219FC-8289-46D5-A40E-AB21D66BAEE6}.Debug|Any CPU.ActiveCfg = Debug|Any CPU
		{5E9219FC-8289-46D5-A40E-AB21D66BAEE6}.Debug|Any CPU.Build.0 = Debug|Any CPU
		{5E9219FC-8289-46D5-A40E-AB21D66BAEE6}.Release|Any CPU.ActiveCfg = Release|Any CPU
		{5E9219FC-8289-46D5-A40E-AB21D66BAEE6}.Release|Any CPU.Build.0 = Release|Any CPU
		{6A8314D4-F6FB-4D75-B4BE-9336AE0630A9}.Debug|Any CPU.ActiveCfg = Debug|Any CPU
		{6A8314D4-F6FB-4D75-B4BE-9336AE0630A9}.Debug|Any CPU.Build.0 = Debug|Any CPU
		{6A8314D4-F6FB-4D75-B4BE-9336AE0630A9}.Release|Any CPU.ActiveCfg = Release|Any CPU
		{6A8314D4-F6FB-4D75-B4BE-9336AE0630A9}.Release|Any CPU.Build.0 = Release|Any CPU
		{49018960-454E-465C-AB57-AE0DE2EB7C3F}.Debug|Any CPU.ActiveCfg = Debug|Any CPU
		{49018960-454E-465C-AB57-AE0DE2EB7C3F}.Debug|Any CPU.Build.0 = Debug|Any CPU
		{49018960-454E-465C-AB57-AE0DE2EB7C3F}.Release|Any CPU.ActiveCfg = Release|Any CPU
		{49018960-454E-465C-AB57-AE0DE2EB7C3F}.Release|Any CPU.Build.0 = Release|Any CPU
		{DA94A4A9-E086-4677-BBC6-F9CEC88BF95F}.Debug|Any CPU.ActiveCfg = Debug|Any CPU
		{DA94A4A9-E086-4677-BBC6-F9CEC88BF95F}.Debug|Any CPU.Build.0 = Debug|Any CPU
		{DA94A4A9-E086-4677-BBC6-F9CEC88BF95F}.Release|Any CPU.ActiveCfg = Release|Any CPU
		{DA94A4A9-E086-4677-BBC6-F9CEC88BF95F}.Release|Any CPU.Build.0 = Release|Any CPU
		{92B5AF38-E885-47F7-919D-6EDD7AEF12DA}.Debug|Any CPU.ActiveCfg = Debug|Any CPU
		{92B5AF38-E885-47F7-919D-6EDD7AEF12DA}.Debug|Any CPU.Build.0 = Debug|Any CPU
		{92B5AF38-E885-47F7-919D-6EDD7AEF12DA}.Release|Any CPU.ActiveCfg = Release|Any CPU
		{92B5AF38-E885-47F7-919D-6EDD7AEF12DA}.Release|Any CPU.Build.0 = Release|Any CPU
		{E5C4C465-2BCA-4E05-8AC1-FC18E18A070B}.Debug|Any CPU.ActiveCfg = Debug|Any CPU
		{E5C4C465-2BCA-4E05-8AC1-FC18E18A070B}.Debug|Any CPU.Build.0 = Debug|Any CPU
		{E5C4C465-2BCA-4E05-8AC1-FC18E18A070B}.Release|Any CPU.ActiveCfg = Release|Any CPU
		{E5C4C465-2BCA-4E05-8AC1-FC18E18A070B}.Release|Any CPU.Build.0 = Release|Any CPU
		{52373E73-34E5-4588-A104-35C864F2ECE1}.Debug|Any CPU.ActiveCfg = Debug|Any CPU
		{52373E73-34E5-4588-A104-35C864F2ECE1}.Debug|Any CPU.Build.0 = Debug|Any CPU
		{52373E73-34E5-4588-A104-35C864F2ECE1}.Release|Any CPU.ActiveCfg = Release|Any CPU
		{52373E73-34E5-4588-A104-35C864F2ECE1}.Release|Any CPU.Build.0 = Release|Any CPU
		{DFE04CC0-9625-451E-9EDF-086DC37945BA}.Debug|Any CPU.ActiveCfg = Debug|Any CPU
		{DFE04CC0-9625-451E-9EDF-086DC37945BA}.Debug|Any CPU.Build.0 = Debug|Any CPU
		{DFE04CC0-9625-451E-9EDF-086DC37945BA}.Release|Any CPU.ActiveCfg = Release|Any CPU
		{DFE04CC0-9625-451E-9EDF-086DC37945BA}.Release|Any CPU.Build.0 = Release|Any CPU
		{8FA26051-783E-4D61-B594-18185F3A76A7}.Debug|Any CPU.ActiveCfg = Debug|Any CPU
		{8FA26051-783E-4D61-B594-18185F3A76A7}.Debug|Any CPU.Build.0 = Debug|Any CPU
		{8FA26051-783E-4D61-B594-18185F3A76A7}.Release|Any CPU.ActiveCfg = Release|Any CPU
		{8FA26051-783E-4D61-B594-18185F3A76A7}.Release|Any CPU.Build.0 = Release|Any CPU
		{6EADE7EB-AA6A-40AC-9DC1-8665B8F544C9}.Debug|Any CPU.ActiveCfg = Debug|Any CPU
		{6EADE7EB-AA6A-40AC-9DC1-8665B8F544C9}.Debug|Any CPU.Build.0 = Debug|Any CPU
		{6EADE7EB-AA6A-40AC-9DC1-8665B8F544C9}.Release|Any CPU.ActiveCfg = Release|Any CPU
		{6EADE7EB-AA6A-40AC-9DC1-8665B8F544C9}.Release|Any CPU.Build.0 = Release|Any CPU
		{D361653B-1784-4998-B882-0AABF4535678}.Debug|Any CPU.ActiveCfg = Debug|Any CPU
		{D361653B-1784-4998-B882-0AABF4535678}.Debug|Any CPU.Build.0 = Debug|Any CPU
		{D361653B-1784-4998-B882-0AABF4535678}.Release|Any CPU.ActiveCfg = Release|Any CPU
		{D361653B-1784-4998-B882-0AABF4535678}.Release|Any CPU.Build.0 = Release|Any CPU
		{D2766D94-92A3-4AD0-8F23-EDA218E5BBD9}.Debug|Any CPU.ActiveCfg = Debug|Any CPU
		{D2766D94-92A3-4AD0-8F23-EDA218E5BBD9}.Debug|Any CPU.Build.0 = Debug|Any CPU
		{D2766D94-92A3-4AD0-8F23-EDA218E5BBD9}.Release|Any CPU.ActiveCfg = Release|Any CPU
		{D2766D94-92A3-4AD0-8F23-EDA218E5BBD9}.Release|Any CPU.Build.0 = Release|Any CPU
		{0AF91A9F-4AE7-4BA4-8F16-678E251D2A40}.Debug|Any CPU.ActiveCfg = Debug|Any CPU
		{0AF91A9F-4AE7-4BA4-8F16-678E251D2A40}.Debug|Any CPU.Build.0 = Debug|Any CPU
		{0AF91A9F-4AE7-4BA4-8F16-678E251D2A40}.Release|Any CPU.ActiveCfg = Release|Any CPU
		{0AF91A9F-4AE7-4BA4-8F16-678E251D2A40}.Release|Any CPU.Build.0 = Release|Any CPU
		{02CDEF92-3FB0-4C42-B149-97BA451134F7}.Debug|Any CPU.ActiveCfg = Debug|Any CPU
		{02CDEF92-3FB0-4C42-B149-97BA451134F7}.Debug|Any CPU.Build.0 = Debug|Any CPU
		{02CDEF92-3FB0-4C42-B149-97BA451134F7}.Release|Any CPU.ActiveCfg = Release|Any CPU
		{02CDEF92-3FB0-4C42-B149-97BA451134F7}.Release|Any CPU.Build.0 = Release|Any CPU
		{8019C3BF-B879-43FA-9C6B-CE6E00B7F42D}.Debug|Any CPU.ActiveCfg = Debug|Any CPU
		{8019C3BF-B879-43FA-9C6B-CE6E00B7F42D}.Debug|Any CPU.Build.0 = Debug|Any CPU
		{8019C3BF-B879-43FA-9C6B-CE6E00B7F42D}.Release|Any CPU.ActiveCfg = Release|Any CPU
		{8019C3BF-B879-43FA-9C6B-CE6E00B7F42D}.Release|Any CPU.Build.0 = Release|Any CPU
		{A30D1F34-155C-4F64-B051-0028ED095C5B}.Debug|Any CPU.ActiveCfg = Debug|Any CPU
		{A30D1F34-155C-4F64-B051-0028ED095C5B}.Debug|Any CPU.Build.0 = Debug|Any CPU
		{A30D1F34-155C-4F64-B051-0028ED095C5B}.Release|Any CPU.ActiveCfg = Release|Any CPU
		{A30D1F34-155C-4F64-B051-0028ED095C5B}.Release|Any CPU.Build.0 = Release|Any CPU
	EndGlobalSection
	GlobalSection(SolutionProperties) = preSolution
		HideSolutionNode = FALSE
	EndGlobalSection
	GlobalSection(ExtensibilityGlobals) = postSolution
		SolutionGuid = {AB0831BD-8A52-4453-AABF-F04AAD15DBB6}
	EndGlobalSection
EndGlobal
